
Microsoft Visual Studio Solution File, Format Version 12.00
# Visual Studio Version 17
VisualStudioVersion = 17.5.33516.290
MinimumVisualStudioVersion = 10.0.40219.1
Project("{9A19103F-16F7-4668-BE54-9A1E7A4F7556}") = "FileVersionOf", "FileVersionOf\FileVersionOf.csproj", "{586D3B91-8BAC-4A57-8556-509DA483B69F}"
EndProject
Project("{FAE04EC0-301F-11D3-BF4B-00C04F79EFBC}") = "FileVersionOfTests", "FileVersionOfTests\FileVersionOfTests.csproj", "{B8068846-F602-4E9B-A5E0-BB423534D3C6}"
EndProject
Global
	GlobalSection(SolutionConfigurationPlatforms) = preSolution
		Debug|Any CPU = Debug|Any CPU
		Release|Any CPU = Release|Any CPU
	EndGlobalSection
	GlobalSection(ProjectConfigurationPlatforms) = postSolution
		{586D3B91-8BAC-4A57-8556-509DA483B69F}.Debug|Any CPU.ActiveCfg = Debug|Any CPU
		{586D3B91-8BAC-4A57-8556-509DA483B69F}.Debug|Any CPU.Build.0 = Debug|Any CPU
		{586D3B91-8BAC-4A57-8556-509DA483B69F}.Release|Any CPU.ActiveCfg = Release|Any CPU
		{586D3B91-8BAC-4A57-8556-509DA483B69F}.Release|Any CPU.Build.0 = Release|Any CPU
		{B8068846-F602-4E9B-A5E0-BB423534D3C6}.Debug|Any CPU.ActiveCfg = Debug|Any CPU
		{B8068846-F602-4E9B-A5E0-BB423534D3C6}.Debug|Any CPU.Build.0 = Debug|Any CPU
		{B8068846-F602-4E9B-A5E0-BB423534D3C6}.Release|Any CPU.ActiveCfg = Release|Any CPU
		{B8068846-F602-4E9B-A5E0-BB423534D3C6}.Release|Any CPU.Build.0 = Release|Any CPU
	EndGlobalSection
	GlobalSection(SolutionProperties) = preSolution
		HideSolutionNode = FALSE
	EndGlobalSection
	GlobalSection(ExtensibilityGlobals) = postSolution
		SolutionGuid = {BC409810-117C-4D82-8CAA-EC52B897CF6B}
	EndGlobalSection
EndGlobal
